// !$*UTF8*$!
{
	archiveVersion = 1;
	classes = {
	};
	objectVersion = 50;
	objects = {

/* Begin PBXBuildFile section */
		842072E726B4056500F07AF9 /* AppDelegate.swift in Sources */ = {isa = PBXBuildFile; fileRef = 842072E626B4056500F07AF9 /* AppDelegate.swift */; };
		842072E926B4056500F07AF9 /* SceneDelegate.swift in Sources */ = {isa = PBXBuildFile; fileRef = 842072E826B4056500F07AF9 /* SceneDelegate.swift */; };
		842072EB26B4056500F07AF9 /* ViewController.swift in Sources */ = {isa = PBXBuildFile; fileRef = 842072EA26B4056500F07AF9 /* ViewController.swift */; };
		842072EE26B4056500F07AF9 /* Main.storyboard in Resources */ = {isa = PBXBuildFile; fileRef = 842072EC26B4056500F07AF9 /* Main.storyboard */; };
		842072F026B4056700F07AF9 /* Assets.xcassets in Resources */ = {isa = PBXBuildFile; fileRef = 842072EF26B4056700F07AF9 /* Assets.xcassets */; };
		842072F326B4056700F07AF9 /* LaunchScreen.storyboard in Resources */ = {isa = PBXBuildFile; fileRef = 842072F126B4056700F07AF9 /* LaunchScreen.storyboard */; };
		842072FE26B4056700F07AF9 /* testMapRouteTests.swift in Sources */ = {isa = PBXBuildFile; fileRef = 842072FD26B4056700F07AF9 /* testMapRouteTests.swift */; };
		8420730926B4056700F07AF9 /* testMapRouteUITests.swift in Sources */ = {isa = PBXBuildFile; fileRef = 8420730826B4056700F07AF9 /* testMapRouteUITests.swift */; };
		8420731726B40F5800F07AF9 /* Alert.swift in Sources */ = {isa = PBXBuildFile; fileRef = 8420731626B40F5800F07AF9 /* Alert.swift */; };
/* End PBXBuildFile section */

/* Begin PBXContainerItemProxy section */
		842072FA26B4056700F07AF9 /* PBXContainerItemProxy */ = {
			isa = PBXContainerItemProxy;
			containerPortal = 842072DB26B4056500F07AF9 /* Project object */;
			proxyType = 1;
			remoteGlobalIDString = 842072E226B4056500F07AF9;
			remoteInfo = testMapRoute;
		};
		8420730526B4056700F07AF9 /* PBXContainerItemProxy */ = {
			isa = PBXContainerItemProxy;
			containerPortal = 842072DB26B4056500F07AF9 /* Project object */;
			proxyType = 1;
			remoteGlobalIDString = 842072E226B4056500F07AF9;
			remoteInfo = testMapRoute;
		};
/* End PBXContainerItemProxy section */

/* Begin PBXFileReference section */
		842072E326B4056500F07AF9 /* testMapRoute.app */ = {isa = PBXFileReference; explicitFileType = wrapper.application; includeInIndex = 0; path = testMapRoute.app; sourceTree = BUILT_PRODUCTS_DIR; };
		842072E626B4056500F07AF9 /* AppDelegate.swift */ = {isa = PBXFileReference; lastKnownFileType = sourcecode.swift; path = AppDelegate.swift; sourceTree = "<group>"; };
		842072E826B4056500F07AF9 /* SceneDelegate.swift */ = {isa = PBXFileReference; lastKnownFileType = sourcecode.swift; path = SceneDelegate.swift; sourceTree = "<group>"; };
		842072EA26B4056500F07AF9 /* ViewController.swift */ = {isa = PBXFileReference; lastKnownFileType = sourcecode.swift; path = ViewController.swift; sourceTree = "<group>"; };
		842072ED26B4056500F07AF9 /* Base */ = {isa = PBXFileReference; lastKnownFileType = file.storyboard; name = Base; path = Base.lproj/Main.storyboard; sourceTree = "<group>"; };
		842072EF26B4056700F07AF9 /* Assets.xcassets */ = {isa = PBXFileReference; lastKnownFileType = folder.assetcatalog; path = Assets.xcassets; sourceTree = "<group>"; };
		842072F226B4056700F07AF9 /* Base */ = {isa = PBXFileReference; lastKnownFileType = file.storyboard; name = Base; path = Base.lproj/LaunchScreen.storyboard; sourceTree = "<group>"; };
		842072F426B4056700F07AF9 /* Info.plist */ = {isa = PBXFileReference; lastKnownFileType = text.plist.xml; path = Info.plist; sourceTree = "<group>"; };
		842072F926B4056700F07AF9 /* testMapRouteTests.xctest */ = {isa = PBXFileReference; explicitFileType = wrapper.cfbundle; includeInIndex = 0; path = testMapRouteTests.xctest; sourceTree = BUILT_PRODUCTS_DIR; };
		842072FD26B4056700F07AF9 /* testMapRouteTests.swift */ = {isa = PBXFileReference; lastKnownFileType = sourcecode.swift; path = testMapRouteTests.swift; sourceTree = "<group>"; };
		842072FF26B4056700F07AF9 /* Info.plist */ = {isa = PBXFileReference; lastKnownFileType = text.plist.xml; path = Info.plist; sourceTree = "<group>"; };
		8420730426B4056700F07AF9 /* testMapRouteUITests.xctest */ = {isa = PBXFileReference; explicitFileType = wrapper.cfbundle; includeInIndex = 0; path = testMapRouteUITests.xctest; sourceTree = BUILT_PRODUCTS_DIR; };
		8420730826B4056700F07AF9 /* testMapRouteUITests.swift */ = {isa = PBXFileReference; lastKnownFileType = sourcecode.swift; path = testMapRouteUITests.swift; sourceTree = "<group>"; };
		8420730A26B4056700F07AF9 /* Info.plist */ = {isa = PBXFileReference; lastKnownFileType = text.plist.xml; path = Info.plist; sourceTree = "<group>"; };
		8420731626B40F5800F07AF9 /* Alert.swift */ = {isa = PBXFileReference; lastKnownFileType = sourcecode.swift; path = Alert.swift; sourceTree = "<group>"; };
/* End PBXFileReference section */

/* Begin PBXFrameworksBuildPhase section */
		842072E026B4056500F07AF9 /* Frameworks */ = {
			isa = PBXFrameworksBuildPhase;
			buildActionMask = 2147483647;
			files = (
			);
			runOnlyForDeploymentPostprocessing = 0;
		};
		842072F626B4056700F07AF9 /* Frameworks */ = {
			isa = PBXFrameworksBuildPhase;
			buildActionMask = 2147483647;
			files = (
			);
			runOnlyForDeploymentPostprocessing = 0;
		};
		8420730126B4056700F07AF9 /* Frameworks */ = {
			isa = PBXFrameworksBuildPhase;
			buildActionMask = 2147483647;
			files = (
			);
			runOnlyForDeploymentPostprocessing = 0;
		};
/* End PBXFrameworksBuildPhase section */

/* Begin PBXGroup section */
		842072DA26B4056500F07AF9 = {
			isa = PBXGroup;
			children = (
				842072E526B4056500F07AF9 /* testMapRoute */,
				842072FC26B4056700F07AF9 /* testMapRouteTests */,
				8420730726B4056700F07AF9 /* testMapRouteUITests */,
				842072E426B4056500F07AF9 /* Products */,
			);
			sourceTree = "<group>";
		};
		842072E426B4056500F07AF9 /* Products */ = {
			isa = PBXGroup;
			children = (
				842072E326B4056500F07AF9 /* testMapRoute.app */,
				842072F926B4056700F07AF9 /* testMapRouteTests.xctest */,
				8420730426B4056700F07AF9 /* testMapRouteUITests.xctest */,
			);
			name = Products;
			sourceTree = "<group>";
		};
		842072E526B4056500F07AF9 /* testMapRoute */ = {
			isa = PBXGroup;
			children = (
				842072E626B4056500F07AF9 /* AppDelegate.swift */,
				842072E826B4056500F07AF9 /* SceneDelegate.swift */,
				842072EA26B4056500F07AF9 /* ViewController.swift */,
				8420731626B40F5800F07AF9 /* Alert.swift */,
				842072EC26B4056500F07AF9 /* Main.storyboard */,
				842072EF26B4056700F07AF9 /* Assets.xcassets */,
				842072F126B4056700F07AF9 /* LaunchScreen.storyboard */,
				842072F426B4056700F07AF9 /* Info.plist */,
			);
			path = testMapRoute;
			sourceTree = "<group>";
		};
		842072FC26B4056700F07AF9 /* testMapRouteTests */ = {
			isa = PBXGroup;
			children = (
				842072FD26B4056700F07AF9 /* testMapRouteTests.swift */,
				842072FF26B4056700F07AF9 /* Info.plist */,
			);
			path = testMapRouteTests;
			sourceTree = "<group>";
		};
		8420730726B4056700F07AF9 /* testMapRouteUITests */ = {
			isa = PBXGroup;
			children = (
				8420730826B4056700F07AF9 /* testMapRouteUITests.swift */,
				8420730A26B4056700F07AF9 /* Info.plist */,
			);
			path = testMapRouteUITests;
			sourceTree = "<group>";
		};
/* End PBXGroup section */

/* Begin PBXNativeTarget section */
		842072E226B4056500F07AF9 /* testMapRoute */ = {
			isa = PBXNativeTarget;
			buildConfigurationList = 8420730D26B4056700F07AF9 /* Build configuration list for PBXNativeTarget "testMapRoute" */;
			buildPhases = (
				842072DF26B4056500F07AF9 /* Sources */,
				842072E026B4056500F07AF9 /* Frameworks */,
				842072E126B4056500F07AF9 /* Resources */,
			);
			buildRules = (
			);
			dependencies = (
			);
			name = testMapRoute;
			productName = testMapRoute;
			productReference = 842072E326B4056500F07AF9 /* testMapRoute.app */;
			productType = "com.apple.product-type.application";
		};
		842072F826B4056700F07AF9 /* testMapRouteTests */ = {
			isa = PBXNativeTarget;
			buildConfigurationList = 8420731026B4056700F07AF9 /* Build configuration list for PBXNativeTarget "testMapRouteTests" */;
			buildPhases = (
				842072F526B4056700F07AF9 /* Sources */,
				842072F626B4056700F07AF9 /* Frameworks */,
				842072F726B4056700F07AF9 /* Resources */,
			);
			buildRules = (
			);
			dependencies = (
				842072FB26B4056700F07AF9 /* PBXTargetDependency */,
			);
			name = testMapRouteTests;
			productName = testMapRouteTests;
			productReference = 842072F926B4056700F07AF9 /* testMapRouteTests.xctest */;
			productType = "com.apple.product-type.bundle.unit-test";
		};
		8420730326B4056700F07AF9 /* testMapRouteUITests */ = {
			isa = PBXNativeTarget;
			buildConfigurationList = 8420731326B4056700F07AF9 /* Build configuration list for PBXNativeTarget "testMapRouteUITests" */;
			buildPhases = (
				8420730026B4056700F07AF9 /* Sources */,
				8420730126B4056700F07AF9 /* Frameworks */,
				8420730226B4056700F07AF9 /* Resources */,
			);
			buildRules = (
			);
			dependencies = (
				8420730626B4056700F07AF9 /* PBXTargetDependency */,
			);
			name = testMapRouteUITests;
			productName = testMapRouteUITests;
			productReference = 8420730426B4056700F07AF9 /* testMapRouteUITests.xctest */;
			productType = "com.apple.product-type.bundle.ui-testing";
		};
/* End PBXNativeTarget section */

/* Begin PBXProject section */
		842072DB26B4056500F07AF9 /* Project object */ = {
			isa = PBXProject;
			attributes = {
				LastSwiftUpdateCheck = 1250;
				LastUpgradeCheck = 1250;
				TargetAttributes = {
					842072E226B4056500F07AF9 = {
						CreatedOnToolsVersion = 12.5.1;
					};
					842072F826B4056700F07AF9 = {
						CreatedOnToolsVersion = 12.5.1;
						TestTargetID = 842072E226B4056500F07AF9;
					};
					8420730326B4056700F07AF9 = {
						CreatedOnToolsVersion = 12.5.1;
						TestTargetID = 842072E226B4056500F07AF9;
					};
				};
			};
			buildConfigurationList = 842072DE26B4056500F07AF9 /* Build configuration list for PBXProject "testMapRoute" */;
			compatibilityVersion = "Xcode 9.3";
			developmentRegion = en;
			hasScannedForEncodings = 0;
			knownRegions = (
				en,
				Base,
			);
			mainGroup = 842072DA26B4056500F07AF9;
			productRefGroup = 842072E426B4056500F07AF9 /* Products */;
			projectDirPath = "";
			projectRoot = "";
			targets = (
				842072E226B4056500F07AF9 /* testMapRoute */,
				842072F826B4056700F07AF9 /* testMapRouteTests */,
				8420730326B4056700F07AF9 /* testMapRouteUITests */,
			);
		};
/* End PBXProject section */

/* Begin PBXResourcesBuildPhase section */
		842072E126B4056500F07AF9 /* Resources */ = {
			isa = PBXResourcesBuildPhase;
			buildActionMask = 2147483647;
			files = (
				842072F326B4056700F07AF9 /* LaunchScreen.storyboard in Resources */,
				842072F026B4056700F07AF9 /* Assets.xcassets in Resources */,
				842072EE26B4056500F07AF9 /* Main.storyboard in Resources */,
			);
			runOnlyForDeploymentPostprocessing = 0;
		};
		842072F726B4056700F07AF9 /* Resources */ = {
			isa = PBXResourcesBuildPhase;
			buildActionMask = 2147483647;
			files = (
			);
			runOnlyForDeploymentPostprocessing = 0;
		};
		8420730226B4056700F07AF9 /* Resources */ = {
			isa = PBXResourcesBuildPhase;
			buildActionMask = 2147483647;
			files = (
			);
			runOnlyForDeploymentPostprocessing = 0;
		};
/* End PBXResourcesBuildPhase section */

/* Begin PBXSourcesBuildPhase section */
		842072DF26B4056500F07AF9 /* Sources */ = {
			isa = PBXSourcesBuildPhase;
			buildActionMask = 2147483647;
			files = (
				842072EB26B4056500F07AF9 /* ViewController.swift in Sources */,
				842072E726B4056500F07AF9 /* AppDelegate.swift in Sources */,
				8420731726B40F5800F07AF9 /* Alert.swift in Sources */,
				842072E926B4056500F07AF9 /* SceneDelegate.swift in Sources */,
			);
			runOnlyForDeploymentPostprocessing = 0;
		};
		842072F526B4056700F07AF9 /* Sources */ = {
			isa = PBXSourcesBuildPhase;
			buildActionMask = 2147483647;
			files = (
				842072FE26B4056700F07AF9 /* testMapRouteTests.swift in Sources */,
			);
			runOnlyForDeploymentPostprocessing = 0;
		};
		8420730026B4056700F07AF9 /* Sources */ = {
			isa = PBXSourcesBuildPhase;
			buildActionMask = 2147483647;
			files = (
				8420730926B4056700F07AF9 /* testMapRouteUITests.swift in Sources */,
			);
			runOnlyForDeploymentPostprocessing = 0;
		};
/* End PBXSourcesBuildPhase section */

/* Begin PBXTargetDependency section */
		842072FB26B4056700F07AF9 /* PBXTargetDependency */ = {
			isa = PBXTargetDependency;
			target = 842072E226B4056500F07AF9 /* testMapRoute */;
			targetProxy = 842072FA26B4056700F07AF9 /* PBXContainerItemProxy */;
		};
		8420730626B4056700F07AF9 /* PBXTargetDependency */ = {
			isa = PBXTargetDependency;
			target = 842072E226B4056500F07AF9 /* testMapRoute */;
			targetProxy = 8420730526B4056700F07AF9 /* PBXContainerItemProxy */;
		};
/* End PBXTargetDependency section */

/* Begin PBXVariantGroup section */
		842072EC26B4056500F07AF9 /* Main.storyboard */ = {
			isa = PBXVariantGroup;
			children = (
				842072ED26B4056500F07AF9 /* Base */,
			);
			name = Main.storyboard;
			sourceTree = "<group>";
		};
		842072F126B4056700F07AF9 /* LaunchScreen.storyboard */ = {
			isa = PBXVariantGroup;
			children = (
				842072F226B4056700F07AF9 /* Base */,
			);
			name = LaunchScreen.storyboard;
			sourceTree = "<group>";
		};
/* End PBXVariantGroup section */

/* Begin XCBuildConfiguration section */
		8420730B26B4056700F07AF9 /* Debug */ = {
			isa = XCBuildConfiguration;
			buildSettings = {
				ALWAYS_SEARCH_USER_PATHS = NO;
				CLANG_ANALYZER_NONNULL = YES;
				CLANG_ANALYZER_NUMBER_OBJECT_CONVERSION = YES_AGGRESSIVE;
				CLANG_CXX_LANGUAGE_STANDARD = "gnu++14";
				CLANG_CXX_LIBRARY = "libc++";
				CLANG_ENABLE_MODULES = YES;
				CLANG_ENABLE_OBJC_ARC = YES;
				CLANG_ENABLE_OBJC_WEAK = YES;
				CLANG_WARN_BLOCK_CAPTURE_AUTORELEASING = YES;
				CLANG_WARN_BOOL_CONVERSION = YES;
				CLANG_WARN_COMMA = YES;
				CLANG_WARN_CONSTANT_CONVERSION = YES;
				CLANG_WARN_DEPRECATED_OBJC_IMPLEMENTATIONS = YES;
				CLANG_WARN_DIRECT_OBJC_ISA_USAGE = YES_ERROR;
				CLANG_WARN_DOCUMENTATION_COMMENTS = YES;
				CLANG_WARN_EMPTY_BODY = YES;
				CLANG_WARN_ENUM_CONVERSION = YES;
				CLANG_WARN_INFINITE_RECURSION = YES;
				CLANG_WARN_INT_CONVERSION = YES;
				CLANG_WARN_NON_LITERAL_NULL_CONVERSION = YES;
				CLANG_WARN_OBJC_IMPLICIT_RETAIN_SELF = YES;
				CLANG_WARN_OBJC_LITERAL_CONVERSION = YES;
				CLANG_WARN_OBJC_ROOT_CLASS = YES_ERROR;
				CLANG_WARN_QUOTED_INCLUDE_IN_FRAMEWORK_HEADER = YES;
				CLANG_WARN_RANGE_LOOP_ANALYSIS = YES;
				CLANG_WARN_STRICT_PROTOTYPES = YES;
				CLANG_WARN_SUSPICIOUS_MOVE = YES;
				CLANG_WARN_UNGUARDED_AVAILABILITY = YES_AGGRESSIVE;
				CLANG_WARN_UNREACHABLE_CODE = YES;
				CLANG_WARN__DUPLICATE_METHOD_MATCH = YES;
				COPY_PHASE_STRIP = NO;
				DEBUG_INFORMATION_FORMAT = dwarf;
				ENABLE_STRICT_OBJC_MSGSEND = YES;
				ENABLE_TESTABILITY = YES;
				GCC_C_LANGUAGE_STANDARD = gnu11;
				GCC_DYNAMIC_NO_PIC = NO;
				GCC_NO_COMMON_BLOCKS = YES;
				GCC_OPTIMIZATION_LEVEL = 0;
				GCC_PREPROCESSOR_DEFINITIONS = (
					"DEBUG=1",
					"$(inherited)",
				);
				GCC_WARN_64_TO_32_BIT_CONVERSION = YES;
				GCC_WARN_ABOUT_RETURN_TYPE = YES_ERROR;
				GCC_WARN_UNDECLARED_SELECTOR = YES;
				GCC_WARN_UNINITIALIZED_AUTOS = YES_AGGRESSIVE;
				GCC_WARN_UNUSED_FUNCTION = YES;
				GCC_WARN_UNUSED_VARIABLE = YES;
				IPHONEOS_DEPLOYMENT_TARGET = 14.5;
				MTL_ENABLE_DEBUG_INFO = INCLUDE_SOURCE;
				MTL_FAST_MATH = YES;
				ONLY_ACTIVE_ARCH = YES;
				SDKROOT = iphoneos;
				SWIFT_ACTIVE_COMPILATION_CONDITIONS = DEBUG;
				SWIFT_OPTIMIZATION_LEVEL = "-Onone";
			};
			name = Debug;
		};
		8420730C26B4056700F07AF9 /* Release */ = {
			isa = XCBuildConfiguration;
			buildSettings = {
				ALWAYS_SEARCH_USER_PATHS = NO;
				CLANG_ANALYZER_NONNULL = YES;
				CLANG_ANALYZER_NUMBER_OBJECT_CONVERSION = YES_AGGRESSIVE;
				CLANG_CXX_LANGUAGE_STANDARD = "gnu++14";
				CLANG_CXX_LIBRARY = "libc++";
				CLANG_ENABLE_MODULES = YES;
				CLANG_ENABLE_OBJC_ARC = YES;
				CLANG_ENABLE_OBJC_WEAK = YES;
				CLANG_WARN_BLOCK_CAPTURE_AUTORELEASING = YES;
				CLANG_WARN_BOOL_CONVERSION = YES;
				CLANG_WARN_COMMA = YES;
				CLANG_WARN_CONSTANT_CONVERSION = YES;
				CLANG_WARN_DEPRECATED_OBJC_IMPLEMENTATIONS = YES;
				CLANG_WARN_DIRECT_OBJC_ISA_USAGE = YES_ERROR;
				CLANG_WARN_DOCUMENTATION_COMMENTS = YES;
				CLANG_WARN_EMPTY_BODY = YES;
				CLANG_WARN_ENUM_CONVERSION = YES;
				CLANG_WARN_INFINITE_RECURSION = YES;
				CLANG_WARN_INT_CONVERSION = YES;
				CLANG_WARN_NON_LITERAL_NULL_CONVERSION = YES;
				CLANG_WARN_OBJC_IMPLICIT_RETAIN_SELF = YES;
				CLANG_WARN_OBJC_LITERAL_CONVERSION = YES;
				CLANG_WARN_OBJC_ROOT_CLASS = YES_ERROR;
				CLANG_WARN_QUOTED_INCLUDE_IN_FRAMEWORK_HEADER = YES;
				CLANG_WARN_RANGE_LOOP_ANALYSIS = YES;
				CLANG_WARN_STRICT_PROTOTYPES = YES;
				CLANG_WARN_SUSPICIOUS_MOVE = YES;
				CLANG_WARN_UNGUARDED_AVAILABILITY = YES_AGGRESSIVE;
				CLANG_WARN_UNREACHABLE_CODE = YES;
				CLANG_WARN__DUPLICATE_METHOD_MATCH = YES;
				COPY_PHASE_STRIP = NO;
				DEBUG_INFORMATION_FORMAT = "dwarf-with-dsym";
				ENABLE_NS_ASSERTIONS = NO;
				ENABLE_STRICT_OBJC_MSGSEND = YES;
				GCC_C_LANGUAGE_STANDARD = gnu11;
				GCC_NO_COMMON_BLOCKS = YES;
				GCC_WARN_64_TO_32_BIT_CONVERSION = YES;
				GCC_WARN_ABOUT_RETURN_TYPE = YES_ERROR;
				GCC_WARN_UNDECLARED_SELECTOR = YES;
				GCC_WARN_UNINITIALIZED_AUTOS = YES_AGGRESSIVE;
				GCC_WARN_UNUSED_FUNCTION = YES;
				GCC_WARN_UNUSED_VARIABLE = YES;
				IPHONEOS_DEPLOYMENT_TARGET = 14.5;
				MTL_ENABLE_DEBUG_INFO = NO;
				MTL_FAST_MATH = YES;
				SDKROOT = iphoneos;
				SWIFT_COMPILATION_MODE = wholemodule;
				SWIFT_OPTIMIZATION_LEVEL = "-O";
				VALIDATE_PRODUCT = YES;
			};
			name = Release;
		};
		8420730E26B4056700F07AF9 /* Debug */ = {
			isa = XCBuildConfiguration;
			buildSettings = {
				ASSETCATALOG_COMPILER_APPICON_NAME = AppIcon;
				ASSETCATALOG_COMPILER_GLOBAL_ACCENT_COLOR_NAME = AccentColor;
				CODE_SIGN_STYLE = Automatic;
				INFOPLIST_FILE = testMapRoute/Info.plist;
				LD_RUNPATH_SEARCH_PATHS = (
					"$(inherited)",
					"@executable_path/Frameworks",
				);
				PRODUCT_BUNDLE_IDENTIFIER = com.petruccio.testMapRoute;
				PRODUCT_NAME = "$(TARGET_NAME)";
				SWIFT_VERSION = 5.0;
				TARGETED_DEVICE_FAMILY = "1,2";
			};
			name = Debug;
		};
		8420730F26B4056700F07AF9 /* Release */ = {
			isa = XCBuildConfiguration;
			buildSettings = {
				ASSETCATALOG_COMPILER_APPICON_NAME = AppIcon;
				ASSETCATALOG_COMPILER_GLOBAL_ACCENT_COLOR_NAME = AccentColor;
				CODE_SIGN_STYLE = Automatic;
				INFOPLIST_FILE = testMapRoute/Info.plist;
				LD_RUNPATH_SEARCH_PATHS = (
					"$(inherited)",
					"@executable_path/Frameworks",
				);
				PRODUCT_BUNDLE_IDENTIFIER = com.petruccio.testMapRoute;
				PRODUCT_NAME = "$(TARGET_NAME)";
				SWIFT_VERSION = 5.0;
				TARGETED_DEVICE_FAMILY = "1,2";
			};
			name = Release;
		};
		8420731126B4056700F07AF9 /* Debug */ = {
			isa = XCBuildConfiguration;
			buildSettings = {
				ALWAYS_EMBED_SWIFT_STANDARD_LIBRARIES = YES;
				BUNDLE_LOADER = "$(TEST_HOST)";
				CODE_SIGN_STYLE = Automatic;
				INFOPLIST_FILE = testMapRouteTests/Info.plist;
				IPHONEOS_DEPLOYMENT_TARGET = 14.5;
				LD_RUNPATH_SEARCH_PATHS = (
					"$(inherited)",
					"@executable_path/Frameworks",
					"@loader_path/Frameworks",
				);
				PRODUCT_BUNDLE_IDENTIFIER = com.petruccio.testMapRouteTests;
				PRODUCT_NAME = "$(TARGET_NAME)";
				SWIFT_VERSION = 5.0;
				TARGETED_DEVICE_FAMILY = "1,2";
				TEST_HOST = "$(BUILT_PRODUCTS_DIR)/testMapRoute.app/testMapRoute";
			};
			name = Debug;
		};
		8420731226B4056700F07AF9 /* Release */ = {
			isa = XCBuildConfiguration;
			buildSettings = {
				ALWAYS_EMBED_SWIFT_STANDARD_LIBRARIES = YES;
				BUNDLE_LOADER = "$(TEST_HOST)";
				CODE_SIGN_STYLE = Automatic;
				INFOPLIST_FILE = testMapRouteTests/Info.plist;
				IPHONEOS_DEPLOYMENT_TARGET = 14.5;
				LD_RUNPATH_SEARCH_PATHS = (
					"$(inherited)",
					"@executable_path/Frameworks",
					"@loader_path/Frameworks",
				);
				PRODUCT_BUNDLE_IDENTIFIER = com.petruccio.testMapRouteTests;
				PRODUCT_NAME = "$(TARGET_NAME)";
				SWIFT_VERSION = 5.0;
				TARGETED_DEVICE_FAMILY = "1,2";
				TEST_HOST = "$(BUILT_PRODUCTS_DIR)/testMapRoute.app/testMapRoute";
			};
			name = Release;
		};
		8420731426B4056700F07AF9 /* Debug */ = {
			isa = XCBuildConfiguration;
			buildSettings = {
				ALWAYS_EMBED_SWIFT_STANDARD_LIBRARIES = YES;
				CODE_SIGN_STYLE = Automatic;
				INFOPLIST_FILE = testMapRouteUITests/Info.plist;
				LD_RUNPATH_SEARCH_PATHS = (
					"$(inherited)",
					"@executable_path/Frameworks",
					"@loader_path/Frameworks",
				);
				PRODUCT_BUNDLE_IDENTIFIER = com.petruccio.testMapRouteUITests;
				PRODUCT_NAME = "$(TARGET_NAME)";
				SWIFT_VERSION = 5.0;
				TARGETED_DEVICE_FAMILY = "1,2";
				TEST_TARGET_NAME = testMapRoute;
			};
			name = Debug;
		};
		8420731526B4056700F07AF9 /* Release */ = {
			isa = XCBuildConfiguration;
			buildSettings = {
				ALWAYS_EMBED_SWIFT_STANDARD_LIBRARIES = YES;
				CODE_SIGN_STYLE = Automatic;
				INFOPLIST_FILE = testMapRouteUITests/Info.plist;
				LD_RUNPATH_SEARCH_PATHS = (
					"$(inherited)",
					"@executable_path/Frameworks",
					"@loader_path/Frameworks",
				);
				PRODUCT_BUNDLE_IDENTIFIER = com.petruccio.testMapRouteUITests;
				PRODUCT_NAME = "$(TARGET_NAME)";
				SWIFT_VERSION = 5.0;
				TARGETED_DEVICE_FAMILY = "1,2";
				TEST_TARGET_NAME = testMapRoute;
			};
			name = Release;
		};
/* End XCBuildConfiguration section */

/* Begin XCConfigurationList section */
		842072DE26B4056500F07AF9 /* Build configuration list for PBXProject "testMapRoute" */ = {
			isa = XCConfigurationList;
			buildConfigurations = (
				8420730B26B4056700F07AF9 /* Debug */,
				8420730C26B4056700F07AF9 /* Release */,
			);
			defaultConfigurationIsVisible = 0;
			defaultConfigurationName = Release;
		};
		8420730D26B4056700F07AF9 /* Build configuration list for PBXNativeTarget "testMapRoute" */ = {
			isa = XCConfigurationList;
			buildConfigurations = (
				8420730E26B4056700F07AF9 /* Debug */,
				8420730F26B4056700F07AF9 /* Release */,
			);
			defaultConfigurationIsVisible = 0;
			defaultConfigurationName = Release;
		};
		8420731026B4056700F07AF9 /* Build configuration list for PBXNativeTarget "testMapRouteTests" */ = {
			isa = XCConfigurationList;
			buildConfigurations = (
				8420731126B4056700F07AF9 /* Debug */,
				8420731226B4056700F07AF9 /* Release */,
			);
			defaultConfigurationIsVisible = 0;
			defaultConfigurationName = Release;
		};
		8420731326B4056700F07AF9 /* Build configuration list for PBXNativeTarget "testMapRouteUITests" */ = {
			isa = XCConfigurationList;
			buildConfigurations = (
				8420731426B4056700F07AF9 /* Debug */,
				8420731526B4056700F07AF9 /* Release */,
			);
			defaultConfigurationIsVisible = 0;
			defaultConfigurationName = Release;
		};
/* End XCConfigurationList section */
	};
	rootObject = 842072DB26B4056500F07AF9 /* Project object */;
}
